
Microsoft Visual Studio Solution File, Format Version 12.00
# Visual Studio Version 16
VisualStudioVersion = 16.0.29102.190
MinimumVisualStudioVersion = 10.0.40219.1
Project("{FAE04EC0-301F-11D3-BF4B-00C04F79EFBC}") = "OUTBUILT.OOO", "OUTBUILT.OOO.csproj", "{8C624166-50D5-42B9-9466-E0162556AF67}"
EndProject
Global
	GlobalSection(SolutionConfigurationPlatforms) = preSolution
		Debug|Any CPU = Debug|Any CPU
		Release|Any CPU = Release|Any CPU
	EndGlobalSection
	GlobalSection(ProjectConfigurationPlatforms) = postSolution
		{8C624166-50D5-42B9-9466-E0162556AF67}.Debug|Any CPU.ActiveCfg = Debug|Any CPU
		{8C624166-50D5-42B9-9466-E0162556AF67}.Debug|Any CPU.Build.0 = Debug|Any CPU
		{8C624166-50D5-42B9-9466-E0162556AF67}.Release|Any CPU.ActiveCfg = Release|Any CPU
		{8C624166-50D5-42B9-9466-E0162556AF67}.Release|Any CPU.Build.0 = Release|Any CPU
	EndGlobalSection
	GlobalSection(SolutionProperties) = preSolution
		HideSolutionNode = FALSE
	EndGlobalSection
	GlobalSection(ExtensibilityGlobals) = postSolution
		SolutionGuid = {285C99F1-04CA-47BE-B5FC-CA41CFA125B9}
	EndGlobalSection
EndGlobal
